Microsoft Visual Studio Solution File, Format Version 11.00
# Visual Studio 2008

Project("{EA26F904-75CD-85DE-45C2-3353863EF5F9}") = "True or False", "Assembly-CSharp.csproj", "{3075C2EE-4882-BCB5-F40E-2FAABD58BA7F}"
EndProject
Project("{EA26F904-75CD-85DE-45C2-3353863EF5F9}") = "True or False", "Assembly-CSharp-Editor.csproj", "{7847857F-FB5F-784E-365D-66D8AAE32EE0}"
EndProject
Global
	GlobalSection(SolutionConfigurationPlatforms) = preSolution
		Debug|Any CPU = Debug|Any CPU
		Release|Any CPU = Release|Any CPU
	EndGlobalSection
	GlobalSection(ProjectConfigurationPlatforms) = postSolution
		{3075C2EE-4882-BCB5-F40E-2FAABD58BA7F}.Debug|Any CPU.ActiveCfg = Debug|Any CPU
		{3075C2EE-4882-BCB5-F40E-2FAABD58BA7F}.Debug|Any CPU.Build.0 = Debug|Any CPU
		{3075C2EE-4882-BCB5-F40E-2FAABD58BA7F}.Release|Any CPU.ActiveCfg = Release|Any CPU
		{3075C2EE-4882-BCB5-F40E-2FAABD58BA7F}.Release|Any CPU.Build.0 = Release|Any CPU
		{7847857F-FB5F-784E-365D-66D8AAE32EE0}.Debug|Any CPU.ActiveCfg = Debug|Any CPU
		{7847857F-FB5F-784E-365D-66D8AAE32EE0}.Debug|Any CPU.Build.0 = Debug|Any CPU
		{7847857F-FB5F-784E-365D-66D8AAE32EE0}.Release|Any CPU.ActiveCfg = Release|Any CPU
		{7847857F-FB5F-784E-365D-66D8AAE32EE0}.Release|Any CPU.Build.0 = Release|Any CPU
	EndGlobalSection
	GlobalSection(SolutionProperties) = preSolution
		HideSolutionNode = FALSE
	EndGlobalSection
	GlobalSection(MonoDevelopProperties) = preSolution
		StartupItem = Assembly-CSharp.csproj
	EndGlobalSection
EndGlobal
